{
  "nodes": {
    "gitignore": {
      "inputs": {
        "nixpkgs": [
          "wakatime-ls",
          "nixpkgs"
        ]
      },
      "locked": {
        "lastModified": 1709087332,
        "narHash": "sha256-HG2cCnktfHsKV0s4XW83gU3F57gaTljL9KNSuG6bnQs=",
        "owner": "hercules-ci",
        "repo": "gitignore.nix",
        "rev": "637db329424fd7e46cf4185293b9cc8c88c95394",
        "type": "github"
      },
      "original": {
        "owner": "hercules-ci",
        "repo": "gitignore.nix",
        "type": "github"
      }
    },
    "nix-darwin": {
      "inputs": {
        "nixpkgs": [
          "nixpkgs"
        ]
      },
      "locked": {
        "lastModified": 1762186368,
        "narHash": "sha256-dzLBZKccS0jMefj+WAYwsk7gKDluqavC7I4KfFwVh8k=",
        "owner": "nix-darwin",
        "repo": "nix-darwin",
        "rev": "69921864a70b58787abf5ba189095566c3f0ffd3",
        "type": "github"
      },
      "original": {
        "owner": "nix-darwin",
        "ref": "master",
        "repo": "nix-darwin",
        "type": "github"
      }
    },
    "nixpkgs": {
      "locked": {
        "lastModified": 1762156382,
        "narHash": "sha256-Yg7Ag7ov5+36jEFC1DaZh/12SEXo6OO3/8rqADRxiqs=",
        "owner": "NixOS",
        "repo": "nixpkgs",
        "rev": "7241bcbb4f099a66aafca120d37c65e8dda32717",
        "type": "github"
      },
      "original": {
        "owner": "NixOS",
        "ref": "nixpkgs-unstable",
        "repo": "nixpkgs",
        "type": "github"
      }
    },
    "root": {
      "inputs": {
        "nix-darwin": "nix-darwin",
        "nixpkgs": "nixpkgs",
        "wakatime-ls": "wakatime-ls"
      }
    },
    "rust-overlay": {
      "inputs": {
        "nixpkgs": [
          "wakatime-ls",
          "nixpkgs"
        ]
      },
      "locked": {
        "lastModified": 1761705569,
        "narHash": "sha256-dqljv29XldlKvdTwFw8GkxOQHrz3/13yxdwHW8+nzBI=",
        "owner": "oxalica",
        "repo": "rust-overlay",
        "rev": "bca7909cb02f5139e0a490b0ff4bae775ea3ebf6",
        "type": "github"
      },
      "original": {
        "owner": "oxalica",
        "repo": "rust-overlay",
        "type": "github"
      }
    },
    "wakatime-ls": {
      "inputs": {
        "gitignore": "gitignore",
        "nixpkgs": [
          "nixpkgs"
        ],
        "rust-overlay": "rust-overlay"
      },
      "locked": {
        "lastModified": 1761849542,
        "narHash": "sha256-5fNSKIUG54TD5jq5hgsCmB4FB0mO8teiBE18fU81mfc=",
        "owner": "mrnossiom",
        "repo": "wakatime-ls",
        "rev": "89e4091ef5e4c1830dd9bd463f8b063f8335bfad",
        "type": "github"
      },
      "original": {
        "owner": "mrnossiom",
        "repo": "wakatime-ls",
        "type": "github"
      }
    }
  },
  "root": "root",
  "version": 7
}
